{
  "version": 4,
  "terraform_version": "1.4.6",
  "serial": 103,
  "lineage": "de1fe9d9-977a-3a80-5c5d-a93ebce93adf",
  "outputs": {},
  "resources": [
    {
      "mode": "managed",
      "type": "google_compute_firewall",
      "name": "iap_access",
      "provider": "provider[\"registry.terraform.io/hashicorp/google\"]",
      "instances": [
        {
          "schema_version": 1,
          "attributes": {
            "allow": [
              {
                "ports": [
                  "22",
                  "80"
                ],
                "protocol": "tcp"
              }
            ],
            "creation_timestamp": "2023-06-12T03:44:30.053-07:00",
            "deny": [],
            "description": "",
            "destination_ranges": [],
            "direction": "INGRESS",
            "disabled": false,
            "enable_logging": null,
            "id": "projects/iti-final-project-mariam/global/firewalls/iap-access",
            "log_config": [],
            "name": "iap-access",
            "network": "https://www.googleapis.com/compute/v1/projects/iti-final-project-mariam/global/networks/mariam-vpc-network",
            "priority": 1000,
            "project": "iti-final-project-mariam",
            "self_link": "https://www.googleapis.com/compute/v1/projects/iti-final-project-mariam/global/firewalls/iap-access",
            "source_ranges": [
              "0.0.0.0/0"
            ],
            "source_service_accounts": null,
            "source_tags": null,
            "target_service_accounts": null,
            "target_tags": null,
            "timeouts": null
          },
          "sensitive_attributes": [],
          "private": "eyJlMmJmYjczMC1lY2FhLTExZTYtOGY4OC0zNDM2M2JjN2M0YzAiOnsiY3JlYXRlIjoxMjAwMDAwMDAwMDAwLCJkZWxldGUiOjEyMDAwMDAwMDAwMDAsInVwZGF0ZSI6MTIwMDAwMDAwMDAwMH0sInNjaGVtYV92ZXJzaW9uIjoiMSJ9",
          "dependencies": [
            "google_compute_network.mariam_vpc"
          ]
        }
      ]
    },
    {
      "mode": "managed",
      "type": "google_compute_instance",
      "name": "private_vm",
      "provider": "provider[\"registry.terraform.io/hashicorp/google\"]",
      "instances": [
        {
          "schema_version": 6,
          "attributes": {
            "advanced_machine_features": [],
            "allow_stopping_for_update": null,
            "attached_disk": [],
            "boot_disk": [
              {
                "auto_delete": true,
                "device_name": "persistent-disk-0",
                "disk_encryption_key_raw": "",
                "disk_encryption_key_sha256": "",
                "initialize_params": [
                  {
                    "image": "https://www.googleapis.com/compute/v1/projects/debian-cloud/global/images/debian-11-bullseye-v20230509",
                    "labels": {},
                    "size": 10,
                    "type": "pd-standard"
                  }
                ],
                "kms_key_self_link": "",
                "mode": "READ_WRITE",
                "source": "https://www.googleapis.com/compute/v1/projects/iti-final-project-mariam/zones/us-central1-a/disks/private-bastion"
              }
            ],
            "can_ip_forward": false,
            "confidential_instance_config": [],
            "cpu_platform": "Intel Broadwell",
            "current_status": "RUNNING",
            "deletion_protection": false,
            "description": "",
            "desired_status": null,
            "enable_display": false,
            "guest_accelerator": [],
            "hostname": "",
            "id": "projects/iti-final-project-mariam/zones/us-central1-a/instances/private-bastion",
            "instance_id": "6652523252179225075",
            "label_fingerprint": "42WmSpB8rSM=",
            "labels": null,
            "machine_type": "e2-micro",
            "metadata": null,
            "metadata_fingerprint": "OOD2A4b-kCY=",
            "metadata_startup_script": "#!/bin/bash\napt update\napt install kubectl\napt install curl\ncurl https://raw.githubusercontent.com/helm/helm/main/scripts/get-helm-3 \u003e get_helm.sh\nless get_helm.sh\nchmod +x get_helm.sh\n./get_helm.sh\napt-get install google-cloud-sdk-gke-gcloud-auth-plugin\napt install ansible -y\n",
            "min_cpu_platform": "",
            "name": "private-bastion",
            "network_interface": [
              {
                "access_config": [],
                "alias_ip_range": [],
                "ipv6_access_config": [],
                "ipv6_access_type": "",
                "name": "nic0",
                "network": "https://www.googleapis.com/compute/v1/projects/iti-final-project-mariam/global/networks/mariam-vpc-network",
                "network_ip": "10.0.1.2",
                "nic_type": "",
                "queue_count": 0,
                "stack_type": "IPV4_ONLY",
                "subnetwork": "https://www.googleapis.com/compute/v1/projects/iti-final-project-mariam/regions/us-central1/subnetworks/bastion-subnet",
                "subnetwork_project": "iti-final-project-mariam"
              }
            ],
            "network_performance_config": [],
            "project": "iti-final-project-mariam",
            "reservation_affinity": [],
            "resource_policies": null,
            "scheduling": [
              {
                "automatic_restart": true,
                "instance_termination_action": "",
                "min_node_cpus": 0,
                "node_affinities": [],
                "on_host_maintenance": "MIGRATE",
                "preemptible": false,
                "provisioning_model": "STANDARD"
              }
            ],
            "scratch_disk": [],
            "self_link": "https://www.googleapis.com/compute/v1/projects/iti-final-project-mariam/zones/us-central1-a/instances/private-bastion",
            "service_account": [],
            "shielded_instance_config": [
              {
                "enable_integrity_monitoring": true,
                "enable_secure_boot": false,
                "enable_vtpm": true
              }
            ],
            "tags": null,
            "tags_fingerprint": "42WmSpB8rSM=",
            "timeouts": null,
            "zone": "us-central1-a"
          },
          "sensitive_attributes": [],
          "private": "eyJlMmJmYjczMC1lY2FhLTExZTYtOGY4OC0zNDM2M2JjN2M0YzAiOnsiY3JlYXRlIjoxMjAwMDAwMDAwMDAwLCJkZWxldGUiOjEyMDAwMDAwMDAwMDAsInVwZGF0ZSI6MTIwMDAwMDAwMDAwMH0sInNjaGVtYV92ZXJzaW9uIjoiNiJ9",
          "dependencies": [
            "google_compute_network.mariam_vpc",
            "google_compute_subnetwork.bastion_subnet"
          ]
        }
      ]
    },
    {
      "mode": "managed",
      "type": "google_compute_network",
      "name": "mariam_vpc",
      "provider": "provider[\"registry.terraform.io/hashicorp/google\"]",
      "instances": [
        {
          "schema_version": 0,
          "attributes": {
            "auto_create_subnetworks": false,
            "delete_default_routes_on_create": false,
            "description": "",
            "enable_ula_internal_ipv6": false,
            "gateway_ipv4": "",
            "id": "projects/iti-final-project-mariam/global/networks/mariam-vpc-network",
            "internal_ipv6_range": "",
            "mtu": 0,
            "name": "mariam-vpc-network",
            "network_firewall_policy_enforcement_order": "AFTER_CLASSIC_FIREWALL",
            "project": "iti-final-project-mariam",
            "routing_mode": "REGIONAL",
            "self_link": "https://www.googleapis.com/compute/v1/projects/iti-final-project-mariam/global/networks/mariam-vpc-network",
            "timeouts": null
          },
          "sensitive_attributes": [],
          "private": "eyJlMmJmYjczMC1lY2FhLTExZTYtOGY4OC0zNDM2M2JjN2M0YzAiOnsiY3JlYXRlIjoxMjAwMDAwMDAwMDAwLCJkZWxldGUiOjEyMDAwMDAwMDAwMDAsInVwZGF0ZSI6MTIwMDAwMDAwMDAwMH19"
        }
      ]
    },
    {
      "mode": "managed",
      "type": "google_compute_router",
      "name": "router",
      "provider": "provider[\"registry.terraform.io/hashicorp/google\"]",
      "instances": [
        {
          "schema_version": 0,
          "attributes": {
            "bgp": [],
            "creation_timestamp": "2023-06-12T03:44:43.197-07:00",
            "description": "",
            "encrypted_interconnect_router": false,
            "id": "projects/iti-final-project-mariam/regions/us-central1/routers/mariam-router",
            "name": "mariam-router",
            "network": "https://www.googleapis.com/compute/v1/projects/iti-final-project-mariam/global/networks/mariam-vpc-network",
            "project": "iti-final-project-mariam",
            "region": "us-central1",
            "self_link": "https://www.googleapis.com/compute/v1/projects/iti-final-project-mariam/regions/us-central1/routers/mariam-router",
            "timeouts": null
          },
          "sensitive_attributes": [],
          "private": "eyJlMmJmYjczMC1lY2FhLTExZTYtOGY4OC0zNDM2M2JjN2M0YzAiOnsiY3JlYXRlIjoxMjAwMDAwMDAwMDAwLCJkZWxldGUiOjEyMDAwMDAwMDAwMDAsInVwZGF0ZSI6MTIwMDAwMDAwMDAwMH19",
          "dependencies": [
            "google_compute_network.mariam_vpc",
            "google_compute_subnetwork.bastion_subnet"
          ]
        }
      ]
    },
    {
      "mode": "managed",
      "type": "google_compute_router_nat",
      "name": "nat",
      "provider": "provider[\"registry.terraform.io/hashicorp/google\"]",
      "instances": [
        {
          "schema_version": 0,
          "attributes": {
            "drain_nat_ips": null,
            "enable_dynamic_port_allocation": false,
            "enable_endpoint_independent_mapping": true,
            "icmp_idle_timeout_sec": 30,
            "id": "iti-final-project-mariam/us-central1/mariam-router/mariam-nat",
            "log_config": [],
            "max_ports_per_vm": 0,
            "min_ports_per_vm": 0,
            "name": "mariam-nat",
            "nat_ip_allocate_option": "AUTO_ONLY",
            "nat_ips": null,
            "project": "iti-final-project-mariam",
            "region": "us-central1",
            "router": "mariam-router",
            "rules": [],
            "source_subnetwork_ip_ranges_to_nat": "ALL_SUBNETWORKS_ALL_IP_RANGES",
            "subnetwork": [],
            "tcp_established_idle_timeout_sec": 1200,
            "tcp_time_wait_timeout_sec": 120,
            "tcp_transitory_idle_timeout_sec": 30,
            "timeouts": null,
            "udp_idle_timeout_sec": 30
          },
          "sensitive_attributes": [],
          "private": "eyJlMmJmYjczMC1lY2FhLTExZTYtOGY4OC0zNDM2M2JjN2M0YzAiOnsiY3JlYXRlIjoxMjAwMDAwMDAwMDAwLCJkZWxldGUiOjEyMDAwMDAwMDAwMDAsInVwZGF0ZSI6MTIwMDAwMDAwMDAwMH19",
          "dependencies": [
            "google_compute_network.mariam_vpc",
            "google_compute_router.router",
            "google_compute_subnetwork.bastion_subnet"
          ]
        }
      ]
    },
    {
      "mode": "managed",
      "type": "google_compute_subnetwork",
      "name": "bastion_subnet",
      "provider": "provider[\"registry.terraform.io/hashicorp/google\"]",
      "instances": [
        {
          "schema_version": 0,
          "attributes": {
            "creation_timestamp": "2023-06-12T03:44:31.097-07:00",
            "description": "",
            "external_ipv6_prefix": "",
            "fingerprint": null,
            "gateway_address": "10.0.1.1",
            "id": "projects/iti-final-project-mariam/regions/us-central1/subnetworks/bastion-subnet",
            "ip_cidr_range": "10.0.1.0/24",
            "ipv6_access_type": "",
            "ipv6_cidr_range": "",
            "log_config": [],
            "name": "bastion-subnet",
            "network": "https://www.googleapis.com/compute/v1/projects/iti-final-project-mariam/global/networks/mariam-vpc-network",
            "private_ip_google_access": true,
            "private_ipv6_google_access": "DISABLE_GOOGLE_ACCESS",
            "project": "iti-final-project-mariam",
            "purpose": "PRIVATE",
            "region": "us-central1",
            "role": "",
            "secondary_ip_range": [],
            "self_link": "https://www.googleapis.com/compute/v1/projects/iti-final-project-mariam/regions/us-central1/subnetworks/bastion-subnet",
            "stack_type": "IPV4_ONLY",
            "timeouts": null
          },
          "sensitive_attributes": [],
          "private": "eyJlMmJmYjczMC1lY2FhLTExZTYtOGY4OC0zNDM2M2JjN2M0YzAiOnsiY3JlYXRlIjoxMjAwMDAwMDAwMDAwLCJkZWxldGUiOjEyMDAwMDAwMDAwMDAsInVwZGF0ZSI6MTIwMDAwMDAwMDAwMH19",
          "dependencies": [
            "google_compute_network.mariam_vpc"
          ]
        }
      ]
    },
    {
      "mode": "managed",
      "type": "google_compute_subnetwork",
      "name": "gke_subnet",
      "provider": "provider[\"registry.terraform.io/hashicorp/google\"]",
      "instances": [
        {
          "schema_version": 0,
          "attributes": {
            "creation_timestamp": "2023-06-12T03:44:30.492-07:00",
            "description": "",
            "external_ipv6_prefix": "",
            "fingerprint": null,
            "gateway_address": "10.0.0.1",
            "id": "projects/iti-final-project-mariam/regions/us-central1/subnetworks/gke-subnet",
            "ip_cidr_range": "10.0.0.0/24",
            "ipv6_access_type": "",
            "ipv6_cidr_range": "",
            "log_config": [],
            "name": "gke-subnet",
            "network": "https://www.googleapis.com/compute/v1/projects/iti-final-project-mariam/global/networks/mariam-vpc-network",
            "private_ip_google_access": true,
            "private_ipv6_google_access": "DISABLE_GOOGLE_ACCESS",
            "project": "iti-final-project-mariam",
            "purpose": "PRIVATE",
            "region": "us-central1",
            "role": "",
            "secondary_ip_range": [],
            "self_link": "https://www.googleapis.com/compute/v1/projects/iti-final-project-mariam/regions/us-central1/subnetworks/gke-subnet",
            "stack_type": "IPV4_ONLY",
            "timeouts": null
          },
          "sensitive_attributes": [],
          "private": "eyJlMmJmYjczMC1lY2FhLTExZTYtOGY4OC0zNDM2M2JjN2M0YzAiOnsiY3JlYXRlIjoxMjAwMDAwMDAwMDAwLCJkZWxldGUiOjEyMDAwMDAwMDAwMDAsInVwZGF0ZSI6MTIwMDAwMDAwMDAwMH19",
          "dependencies": [
            "google_compute_network.mariam_vpc"
          ]
        }
      ]
    },
    {
      "mode": "managed",
      "type": "google_container_cluster",
      "name": "gke_cluster",
      "provider": "provider[\"registry.terraform.io/hashicorp/google\"]",
      "instances": [
        {
          "schema_version": 1,
          "attributes": {
            "addons_config": [
              {
                "cloudrun_config": [],
                "config_connector_config": [],
                "dns_cache_config": [],
                "gce_persistent_disk_csi_driver_config": [
                  {
                    "enabled": true
                  }
                ],
                "gcp_filestore_csi_driver_config": [],
                "gke_backup_agent_config": [],
                "horizontal_pod_autoscaling": [],
                "http_load_balancing": [],
                "network_policy_config": [
                  {
                    "disabled": true
                  }
                ]
              }
            ],
            "authenticator_groups_config": [],
            "binary_authorization": [
              {
                "enabled": false,
                "evaluation_mode": ""
              }
            ],
            "cluster_autoscaling": [
              {
                "auto_provisioning_defaults": [],
                "enabled": false,
                "resource_limits": []
              }
            ],
            "cluster_ipv4_cidr": "10.72.0.0/14",
            "confidential_nodes": [],
            "cost_management_config": [],
            "database_encryption": [
              {
                "key_name": "",
                "state": "DECRYPTED"
              }
            ],
            "datapath_provider": "",
            "default_max_pods_per_node": 110,
            "default_snat_status": [
              {
                "disabled": false
              }
            ],
            "description": "",
            "dns_config": [],
            "enable_autopilot": false,
            "enable_binary_authorization": false,
            "enable_intranode_visibility": false,
            "enable_kubernetes_alpha": false,
            "enable_l4_ilb_subsetting": false,
            "enable_legacy_abac": false,
            "enable_shielded_nodes": true,
            "enable_tpu": false,
            "endpoint": "172.16.0.2",
            "gateway_api_config": [],
            "id": "projects/iti-final-project-mariam/locations/us-central1-a/clusters/mariam-gke",
            "initial_node_count": 3,
            "ip_allocation_policy": [
              {
                "cluster_ipv4_cidr_block": "10.72.0.0/14",
                "cluster_secondary_range_name": "gke-mariam-gke-pods-532bc824",
                "pod_cidr_overprovision_config": [
                  {
                    "disabled": false
                  }
                ],
                "services_ipv4_cidr_block": "10.76.0.0/20",
                "services_secondary_range_name": "gke-mariam-gke-services-532bc824",
                "stack_type": "IPV4"
              }
            ],
            "label_fingerprint": "a9dc16a7",
            "location": "us-central1-a",
            "logging_config": [
              {
                "enable_components": [
                  "SYSTEM_COMPONENTS",
                  "WORKLOADS"
                ]
              }
            ],
            "logging_service": "logging.googleapis.com/kubernetes",
            "maintenance_policy": [],
            "master_auth": [
              {
                "client_certificate": "",
                "client_certificate_config": [
                  {
                    "issue_client_certificate": false
                  }
                ],
                "client_key": "",
                "cluster_ca_certificate": "LS0tLS1CRUdJTiBDRVJUSUZJQ0FURS0tLS0tCk1JSUVMRENDQXBTZ0F3SUJBZ0lRYVUzQkh3N0VsQ2lZaUVFZnpGVW5JREFOQmdrcWhraUc5dzBCQVFzRkFEQXYKTVMwd0t3WURWUVFERXlReU9XWmpZamRoWXkwMU5EVmxMVFEwTjJFdE9XVTNOeTB5WmpoaU1UTTNNVGMwWmpjdwpJQmNOTWpNd05qRXlNRGswTkRRMFdoZ1BNakExTXpBMk1EUXhNRFEwTkRSYU1DOHhMVEFyQmdOVkJBTVRKREk1ClptTmlOMkZqTFRVME5XVXRORFEzWVMwNVpUYzNMVEptT0dJeE16Y3hOelJtTnpDQ0FhSXdEUVlKS29aSWh2Y04KQVFFQkJRQURnZ0dQQURDQ0FZb0NnZ0dCQUtoQkU2aU84VTFsYzZ0RXFwQ2hKbExLb2V6RlBVdk5hV3ZMOEZ1MgpUclZwaGRZVC9SUmxQUHNmTzJTUThnVjMwd216ZEZjMG16d2pTUUJyWDkwTzE3a1FCSTQzTE9nOWNGQmRIL0h3Ci9VYUZCTmJkelEyUmVRK0JtZ25qR0NtdjV2QURSczcyclRNbTdYRnE5SC8xMlM2NjVycnhFcHV4enR6QXJvbkMKRkx2WWloNUQyMjFKOFBJWEtpQVFnWEp2eUI0dXlLWk40UXRnVjBEVEVVaTZYV1FodTdVeFArR0RHbU1TQ1lpRApPQkdYdDdsY1AwbVVObzRpeFVWRG9BQ1ltQUdJb3RzL0E0L1IyRm16a3FEZ0h6K001Tk84UkdnRzlTNzVlcExTCm1Pd2ErcHNHNW1WZlNqTzZNOFFlSHdMRlNGWU5FWlZGOGZPbUpzaW5jNWNnbFBWOExrcjVYenBXOG05bjFCdWoKcVJvM1dhSGx5WGltRTdsdzVXd243S0RBYzNOQmNUMU9vd3ZUNFVGUXZ3RlhvbFJHdzdzYitNempPZEpZQUh5eApCUXJxRTVURXVhYmdQYWdDb00vRkFPL2VNUmo5L3o2cExkSkxIRHdSbU4rcUVpR0JsbmZxbFdFb0V4UUJvWUxDCmhpTTFlTnMvOVRvT1IvTjE5SlVvM2ZQQi93SURBUUFCbzBJd1FEQU9CZ05WSFE4QkFmOEVCQU1DQWdRd0R3WUQKVlIwVEFRSC9CQVV3QXdFQi96QWRCZ05WSFE0RUZnUVVkRGZycmFmRmd3OWp3aGhUT05hdUNzMFZ1L013RFFZSgpLb1pJaHZjTkFRRUxCUUFEZ2dHQkFGUEpLTjRxT21YanRMVytCVDNKUDN5MUozNm5NWFM4aHgzVVErMm81Y0YrCnlVMU5YbjA1MDhmNG14VEo2QnBuNWtaSjVjN2xZaEFydStLM2dOTXZNTzBXaDZGLzYwYW5jdFN1KzY4aTB2Z08KZzlUVkkvZEJ0MnNpd1YwbkRCKzl2eCtYTG5RekhmWkgvQk96U1JWcWFac3B1OXp5NVJNSGFPZFdzcHYrQjg3Nwo1T1Btd21RNDJ2SVV3ZmM5U284bnRKc1BoOU5WV3FCUC9HVXBXaEp3U1lSV3U4SzhsaGVBenNZNXQrVTREeUpqCkZtSEUrNVY1T1NQMFdBUGJlMzdGTUZTc2FxeXZ0Wk01SmdZOUc5ME82ejdwRHpEN2Q4by9mcXRQMVRsVzIwZGgKczBEbzV5ZGhzMHh0U3VkK2F0QzIzcUF1bnJFRzhZRGVmUTh4STM0SU82QUhJbERPOGZYbWNsSWFXbUxZM1NTVwpCOHhBTnpzNDN0Vyt0a2lWajFvSGJNYVhKMmVDMzRaWktTV0ZJdmM5ZTZpTFhqcEMrTFpTOEY3WGRROTNmbnFGCmRxZGQzTmU4K0tEMndkWmZQNVF3eTFabUYydjFiaERsdm1xTEZ5UmNycDM2ZUFWWGdLeVd4Z3ZHNnRqcVc1clUKMHBrbWxob3N4ODFDc0YvMldpRDMxZz09Ci0tLS0tRU5EIENFUlRJRklDQVRFLS0tLS0K"
              }
            ],
            "master_authorized_networks_config": [
              {
                "cidr_blocks": [
                  {
                    "cidr_block": "10.0.1.0/24",
                    "display_name": "bastion"
                  }
                ],
                "gcp_public_cidrs_access_enabled": false
              }
            ],
            "master_version": "1.25.8-gke.500",
            "mesh_certificates": [],
            "min_master_version": null,
            "monitoring_config": [
              {
                "enable_components": [
                  "SYSTEM_COMPONENTS"
                ],
                "managed_prometheus": []
              }
            ],
            "monitoring_service": "monitoring.googleapis.com/kubernetes",
            "name": "mariam-gke",
            "network": "projects/iti-final-project-mariam/global/networks/mariam-vpc-network",
            "network_policy": [
              {
                "enabled": false,
                "provider": "PROVIDER_UNSPECIFIED"
              }
            ],
            "networking_mode": "VPC_NATIVE",
            "node_config": [],
            "node_locations": [],
            "node_pool": [],
            "node_pool_defaults": [
              {
                "node_config_defaults": [
                  {
                    "logging_variant": "DEFAULT"
                  }
                ]
              }
            ],
            "node_version": "1.25.8-gke.500",
            "notification_config": [
              {
                "pubsub": [
                  {
                    "enabled": false,
                    "filter": [],
                    "topic": ""
                  }
                ]
              }
            ],
            "operation": null,
            "private_cluster_config": [
              {
                "enable_private_endpoint": true,
                "enable_private_nodes": true,
                "master_global_access_config": [
                  {
                    "enabled": false
                  }
                ],
                "master_ipv4_cidr_block": "172.16.0.0/28",
                "peering_name": "gke-n25ac9f5fc7c0c7efcd0-e623-d432-peer",
                "private_endpoint": "172.16.0.2",
                "private_endpoint_subnetwork": "",
                "public_endpoint": "35.222.17.61"
              }
            ],
            "private_ipv6_google_access": "",
            "project": "iti-final-project-mariam",
            "release_channel": [
              {
                "channel": "REGULAR"
              }
            ],
            "remove_default_node_pool": true,
            "resource_labels": null,
            "resource_usage_export_config": [],
            "self_link": "https://container.googleapis.com/v1/projects/iti-final-project-mariam/zones/us-central1-a/clusters/mariam-gke",
            "service_external_ips_config": [
              {
                "enabled": false
              }
            ],
            "services_ipv4_cidr": "10.76.0.0/20",
            "subnetwork": "projects/iti-final-project-mariam/regions/us-central1/subnetworks/gke-subnet",
            "timeouts": null,
            "tpu_ipv4_cidr_block": "",
            "vertical_pod_autoscaling": [],
            "workload_identity_config": []
          },
          "sensitive_attributes": [],
          "private": "eyJlMmJmYjczMC1lY2FhLTExZTYtOGY4OC0zNDM2M2JjN2M0YzAiOnsiY3JlYXRlIjoyNDAwMDAwMDAwMDAwLCJkZWxldGUiOjI0MDAwMDAwMDAwMDAsInJlYWQiOjI0MDAwMDAwMDAwMDAsInVwZGF0ZSI6MzYwMDAwMDAwMDAwMH0sInNjaGVtYV92ZXJzaW9uIjoiMSJ9",
          "dependencies": [
            "google_compute_network.mariam_vpc",
            "google_compute_subnetwork.gke_subnet"
          ]
        }
      ]
    },
    {
      "mode": "managed",
      "type": "google_container_node_pool",
      "name": "primary_nodes",
      "provider": "provider[\"registry.terraform.io/hashicorp/google\"]",
      "instances": [
        {
          "schema_version": 1,
          "attributes": {
            "autoscaling": [],
            "cluster": "projects/iti-final-project-mariam/locations/us-central1-a/clusters/mariam-gke",
            "id": "projects/iti-final-project-mariam/locations/us-central1-a/clusters/mariam-gke/nodePools/mariam-node-pool",
            "initial_node_count": 1,
            "instance_group_urls": [
              "https://www.googleapis.com/compute/v1/projects/iti-final-project-mariam/zones/us-central1-a/instanceGroupManagers/gke-mariam-gke-mariam-node-pool-7b79c0ad-grp"
            ],
            "location": "us-central1-a",
            "managed_instance_group_urls": [
              "https://www.googleapis.com/compute/v1/projects/iti-final-project-mariam/zones/us-central1-a/instanceGroups/gke-mariam-gke-mariam-node-pool-7b79c0ad-grp"
            ],
            "management": [
              {
                "auto_repair": true,
                "auto_upgrade": true
              }
            ],
            "max_pods_per_node": 110,
            "name": "mariam-node-pool",
            "name_prefix": "",
            "network_config": [
              {
                "create_pod_range": false,
                "enable_private_nodes": false,
                "pod_cidr_overprovision_config": [],
                "pod_ipv4_cidr_block": "10.72.0.0/14",
                "pod_range": "gke-mariam-gke-pods-532bc824"
              }
            ],
            "node_config": [
              {
                "advanced_machine_features": [],
                "boot_disk_kms_key": "",
                "disk_size_gb": 100,
                "disk_type": "pd-balanced",
                "ephemeral_storage_local_ssd_config": [],
                "gcfs_config": [],
                "guest_accelerator": [],
                "gvnic": [],
                "image_type": "COS_CONTAINERD",
                "kubelet_config": [],
                "labels": {},
                "linux_node_config": [],
                "local_nvme_ssd_block_config": [],
                "local_ssd_count": 0,
                "logging_variant": "DEFAULT",
                "machine_type": "e2-medium",
                "metadata": {
                  "disable-legacy-endpoints": "true"
                },
                "min_cpu_platform": "",
                "node_group": "",
                "oauth_scopes": [
                  "https://www.googleapis.com/auth/cloud-platform"
                ],
                "preemptible": true,
                "reservation_affinity": [],
                "resource_labels": null,
                "service_account": "gke-service-account@iti-final-project-mariam.iam.gserviceaccount.com",
                "shielded_instance_config": [
                  {
                    "enable_integrity_monitoring": true,
                    "enable_secure_boot": false
                  }
                ],
                "spot": false,
                "tags": null,
                "taint": [],
                "workload_metadata_config": []
              }
            ],
            "node_count": 1,
            "node_locations": [
              "us-central1-a"
            ],
            "operation": null,
            "placement_policy": [],
            "project": "iti-final-project-mariam",
            "timeouts": null,
            "upgrade_settings": [
              {
                "blue_green_settings": [],
                "max_surge": 1,
                "max_unavailable": 0,
                "strategy": "SURGE"
              }
            ],
            "version": "1.25.8-gke.500"
          },
          "sensitive_attributes": [],
          "private": "eyJlMmJmYjczMC1lY2FhLTExZTYtOGY4OC0zNDM2M2JjN2M0YzAiOnsiY3JlYXRlIjoxODAwMDAwMDAwMDAwLCJkZWxldGUiOjE4MDAwMDAwMDAwMDAsInVwZGF0ZSI6MTgwMDAwMDAwMDAwMH0sInNjaGVtYV92ZXJzaW9uIjoiMSJ9",
          "dependencies": [
            "google_compute_network.mariam_vpc",
            "google_compute_subnetwork.gke_subnet",
            "google_container_cluster.gke_cluster",
            "google_service_account.gke-service-account"
          ]
        }
      ]
    },
    {
      "mode": "managed",
      "type": "google_project_iam_binding",
      "name": "ansible-service-account-iam",
      "provider": "provider[\"registry.terraform.io/hashicorp/google\"]",
      "instances": [
        {
          "schema_version": 0,
          "attributes": {
            "condition": [],
            "etag": "BwX97Gbq0CE=",
            "id": "iti-final-project-mariam/roles/container.developer",
            "members": [
              "serviceAccount:ansible-service-account@iti-final-project-mariam.iam.gserviceaccount.com"
            ],
            "project": "iti-final-project-mariam",
            "role": "roles/container.developer"
          },
          "sensitive_attributes": [],
          "private": "bnVsbA==",
          "dependencies": [
            "google_service_account.ansible-service-account"
          ]
        }
      ]
    },
    {
      "mode": "managed",
      "type": "google_project_iam_binding",
      "name": "gke-service-account-iam",
      "provider": "provider[\"registry.terraform.io/hashicorp/google\"]",
      "instances": [
        {
          "schema_version": 0,
          "attributes": {
            "condition": [],
            "etag": "BwX97Gbq0CE=",
            "id": "iti-final-project-mariam/roles/container.developer",
            "members": [
              "serviceAccount:gke-service-account@iti-final-project-mariam.iam.gserviceaccount.com"
            ],
            "project": "iti-final-project-mariam",
            "role": "roles/container.developer"
          },
          "sensitive_attributes": [],
          "private": "bnVsbA==",
          "dependencies": [
            "google_service_account.gke-service-account"
          ]
        }
      ]
    },
    {
      "mode": "managed",
      "type": "google_service_account",
      "name": "ansible-service-account",
      "provider": "provider[\"registry.terraform.io/hashicorp/google\"]",
      "instances": [
        {
          "schema_version": 0,
          "attributes": {
            "account_id": "ansible-service-account",
            "description": "",
            "disabled": false,
            "display_name": "ansible-service-account",
            "email": "ansible-service-account@iti-final-project-mariam.iam.gserviceaccount.com",
            "id": "projects/iti-final-project-mariam/serviceAccounts/ansible-service-account@iti-final-project-mariam.iam.gserviceaccount.com",
            "member": "serviceAccount:ansible-service-account@iti-final-project-mariam.iam.gserviceaccount.com",
            "name": "projects/iti-final-project-mariam/serviceAccounts/ansible-service-account@iti-final-project-mariam.iam.gserviceaccount.com",
            "project": "iti-final-project-mariam",
            "timeouts": null,
            "unique_id": "114765905981635002310"
          },
          "sensitive_attributes": [],
          "private": "eyJlMmJmYjczMC1lY2FhLTExZTYtOGY4OC0zNDM2M2JjN2M0YzAiOnsiY3JlYXRlIjozMDAwMDAwMDAwMDB9fQ=="
        }
      ]
    },
    {
      "mode": "managed",
      "type": "google_service_account",
      "name": "gke-service-account",
      "provider": "provider[\"registry.terraform.io/hashicorp/google\"]",
      "instances": [
        {
          "schema_version": 0,
          "attributes": {
            "account_id": "gke-service-account",
            "description": "",
            "disabled": false,
            "display_name": "gke-service-account",
            "email": "gke-service-account@iti-final-project-mariam.iam.gserviceaccount.com",
            "id": "projects/iti-final-project-mariam/serviceAccounts/gke-service-account@iti-final-project-mariam.iam.gserviceaccount.com",
            "member": "serviceAccount:gke-service-account@iti-final-project-mariam.iam.gserviceaccount.com",
            "name": "projects/iti-final-project-mariam/serviceAccounts/gke-service-account@iti-final-project-mariam.iam.gserviceaccount.com",
            "project": "iti-final-project-mariam",
            "timeouts": null,
            "unique_id": "107225247380270916923"
          },
          "sensitive_attributes": [],
          "private": "eyJlMmJmYjczMC1lY2FhLTExZTYtOGY4OC0zNDM2M2JjN2M0YzAiOnsiY3JlYXRlIjozMDAwMDAwMDAwMDB9fQ=="
        }
      ]
    },
    {
      "mode": "managed",
      "type": "google_service_account_key",
      "name": "ansible-key",
      "provider": "provider[\"registry.terraform.io/hashicorp/google\"]",
      "instances": [
        {
          "schema_version": 0,
          "attributes": {
            "id": "projects/iti-final-project-mariam/serviceAccounts/ansible-service-account@iti-final-project-mariam.iam.gserviceaccount.com/keys/2517037ca68b0679c19a70bbf879908d097c3223",
            "keepers": null,
            "key_algorithm": "KEY_ALG_RSA_2048",
            "name": "projects/iti-final-project-mariam/serviceAccounts/ansible-service-account@iti-final-project-mariam.iam.gserviceaccount.com/keys/2517037ca68b0679c19a70bbf879908d097c3223",
            "private_key": "ewogICJ0eXBlIjogInNlcnZpY2VfYWNjb3VudCIsCiAgInByb2plY3RfaWQiOiAiaXRpLWZpbmFsLXByb2plY3QtbWFyaWFtIiwKICAicHJpdmF0ZV9rZXlfaWQiOiAiMjUxNzAzN2NhNjhiMDY3OWMxOWE3MGJiZjg3OTkwOGQwOTdjMzIyMyIsCiAgInByaXZhdGVfa2V5IjogIi0tLS0tQkVHSU4gUFJJVkFURSBLRVktLS0tLVxuTUlJRXZnSUJBREFOQmdrcWhraUc5dzBCQVFFRkFBU0NCS2d3Z2dTa0FnRUFBb0lCQVFDNlNuMDdHSk4zSWF1YVxudERhMTlINTNuQ3JWNzF3THh1bDNaL1o5UExhTVBmb0lmWFNyL1FFMHBkR0hRbkx0bkh6N083N1UxcnN3SzlMUlxuWDZOM0oyS2FuVlhpOGFHa3dSVk9reUdHdjE0eUI5U04xK0pEY2M4OUVVdG9PTXgvK09odWRwclQrK2lmdmtydVxuTjlZQnZsVVZ0blgvUnByaHhjYjI4UVIrZDAxNnMzazRrMzlKR2hldEhrakFYd0luOHppQTZKbktTMkpSbHhVYVxuMnBBTVZqR2hUSUc1bnRxcEJXWGxCVitmYTJ6OVd6WDNiV0JmVEVaazdOK0xEWTQyc3N4c2RkSnNQNWthK1UrcFxuT2xRZzN1YVU5VnZtUU03aWpkMWhQK2JLYjdSY28yNnlWQXM0M1cydHdXZWZtWnlzVHZyclhKdUJtWnhvLzIyS1xuQXBsZmZ2VzdBZ01CQUFFQ2dnRUFIbHUxUE1Rc2crV0F5WjFFclRKQ3ljc3hUOXZKN0VGbUdvZGVxOW9SQlptelxuL1Y0MGZUS2wxNmFPRnJURmRlTmltcTZKMHJXTG03WUlqUVpBNVZJTng1U01Rb2VPQ0FOUExaYmNoOUQzMEw5bFxuN0JlYVQ5TmtLbGQvS21UWExxT3BmUmJtOUZUQS9BZE92ck5xdEs0SHY1b1VjSjFZOENJQzRvczBhRWVZNEwzSFxuYUFyWjZnK0Y2WWQ2RmJsb3hGelI5ZWtEdnQvcDBKTlN1eWc0NXJOTERjVlUrN1VOQkRHTUZsMjUrbkJFSFZPS1xubi9QNVR1ZGYrUSt6N0ZaUVZQTnpiUlpuejZsakRHU1hkZWdwOG01TVR6eHV6bnRVVjRJN1VUME5PMEo0OU4zaVxuWnZTR242aW9ycXJ3ZXRaSEdWSWdHbW5nMDArNmtxV1Z2aUNlVjBWTkFRS0JnUURsYTZFY2FOM3hPVys1SmRBbFxuNDdweFc1WnhIaE5KaS9BaGZzWWlZdDNPTm1JQUhEQXgwUUZSQzRzUWFmUzJqYkFhcGU1SkhFdXluMi9VOUFFclxuVC9mWS8xMEpZTEdHSnJKQzZnOG1Dc3J2ZThFVVV1bkF4ZXkzeTc4QUpuV0ZiSGtsTEpkdU8wcDR3OHpEWjNpMFxuYjFsaGlEYlNTcWpkNU52YjVscncwZCtBOFFLQmdRRFAzNjlxUEtFRVN4ZGVBVUlBTGRmNnFmS2ZZQUNwV1A0ZlxuanlrN28yelhOeUdxMFlyVXVpTEJvS3had0crbTlobkE2bHp0WTVYTExnRnRvaDNxbHQ0SXN0cUpubW9tWUE0eVxuUlpvRlh2RG5QZEFKTHYrTGRIMXBZa3R2dmQ4OFlKQ0RVV2x5Z3QxWi9OcGtDR2oyY0NGSlVIL1Y4Q3JsOWp1SFxubENsZmZzVWhhd0tCZ1FEQUpqY1lQbFMxTnkvMTJFL1BqRDZadHVYMzlBS2ZkTTg0bnArQUtXSXcxcWVhQkFIeFxubDJZTTVTZ2lKVHhLc2IwdmRJNXhPWHZGTFhoUzJkTW8zWjl1WmVNY2VabjJDKzc5MEYvRHN3SnBOak51dkVyL1xucEVZeFlqcWsrNUV1b0wyT2Z4eU52S2NSSXAwYmhFdzZnNUJPK2ZGQWpEdUhMYWxmTWo0MHVQTURZUUtCZ0RwSVxuWmo5c0psMDB6S1Z2eHRpVUFmVm5CdjdHaFFqMlNiSUJpcmNNK0N4VGFkNGlDRUhpdW5IOW9iVThibEdxdU1mTlxuTGlibEFBL0tvMTNnMFhCL3dsdEFBbVFKaFl1aTdQZ05hY1ROdk0rcEZoWXRGanM4ZXhrOEZSaU1iUFhad1VzQVxuWFlkY3g4RStVdUV2Tm5hNk02c0JwZ1lPNDRnOGhLNWJ6VW5ZR2w5bkFvR0JBSzFpSlcwdlNzZUphZWovTnJtWVxuL2NQc2cyOFFCOG1PdStBMFpCYjhZK2J2bWFkTThORlF4QzVxTjJRbEdyUzA4TngvM3QyNTM0WkJmWVh3VUYzSFxuU3BGWHNNZ2tpK0NEWDgzSnVacGFZeC9URFhuL3h0TEhwVnJJc1NLWlA5K0hZMlN6VkV4OGZGcUY0ZWFySEdxa1xuRHJGSDNNaXFuYlpTVjUweGJrbkM5QTFIXG4tLS0tLUVORCBQUklWQVRFIEtFWS0tLS0tXG4iLAogICJjbGllbnRfZW1haWwiOiAiYW5zaWJsZS1zZXJ2aWNlLWFjY291bnRAaXRpLWZpbmFsLXByb2plY3QtbWFyaWFtLmlhbS5nc2VydmljZWFjY291bnQuY29tIiwKICAiY2xpZW50X2lkIjogIjExNDc2NTkwNTk4MTYzNTAwMjMxMCIsCiAgImF1dGhfdXJpIjogImh0dHBzOi8vYWNjb3VudHMuZ29vZ2xlLmNvbS9vL29hdXRoMi9hdXRoIiwKICAidG9rZW5fdXJpIjogImh0dHBzOi8vb2F1dGgyLmdvb2dsZWFwaXMuY29tL3Rva2VuIiwKICAiYXV0aF9wcm92aWRlcl94NTA5X2NlcnRfdXJsIjogImh0dHBzOi8vd3d3Lmdvb2dsZWFwaXMuY29tL29hdXRoMi92MS9jZXJ0cyIsCiAgImNsaWVudF94NTA5X2NlcnRfdXJsIjogImh0dHBzOi8vd3d3Lmdvb2dsZWFwaXMuY29tL3JvYm90L3YxL21ldGFkYXRhL3g1MDkvYW5zaWJsZS1zZXJ2aWNlLWFjY291bnQlNDBpdGktZmluYWwtcHJvamVjdC1tYXJpYW0uaWFtLmdzZXJ2aWNlYWNjb3VudC5jb20iLAogICJ1bml2ZXJzZV9kb21haW4iOiAiZ29vZ2xlYXBpcy5jb20iCn0K",
            "private_key_type": "TYPE_GOOGLE_CREDENTIALS_FILE",
            "public_key": "LS0tLS1CRUdJTiBDRVJUSUZJQ0FURS0tLS0tCk1JSUMvRENDQWVTZ0F3SUJBZ0lJRDNCVk13eXEzdDR3RFFZSktvWklodmNOQVFFRkJRQXdJREVlTUJ3R0ExVUUKQXhNVk1URTBOelkxT1RBMU9UZ3hOak0xTURBeU16RXdNQ0FYRFRJek1EWXhNakV3TkRReE9Wb1lEems1T1RreApNak14TWpNMU9UVTVXakFnTVI0d0hBWURWUVFERXhVeE1UUTNOalU1TURVNU9ERTJNelV3TURJek1UQXdnZ0VpCk1BMEdDU3FHU0liM0RRRUJBUVVBQTRJQkR3QXdnZ0VLQW9JQkFRQzZTbjA3R0pOM0lhdWF0RGExOUg1M25DclYKNzF3THh1bDNaL1o5UExhTVBmb0lmWFNyL1FFMHBkR0hRbkx0bkh6N083N1UxcnN3SzlMUlg2TjNKMkthblZYaQo4YUdrd1JWT2t5R0d2MTR5QjlTTjErSkRjYzg5RVV0b09NeC8rT2h1ZHByVCsraWZ2a3J1TjlZQnZsVVZ0blgvClJwcmh4Y2IyOFFSK2QwMTZzM2s0azM5SkdoZXRIa2pBWHdJbjh6aUE2Sm5LUzJKUmx4VWEycEFNVmpHaFRJRzUKbnRxcEJXWGxCVitmYTJ6OVd6WDNiV0JmVEVaazdOK0xEWTQyc3N4c2RkSnNQNWthK1UrcE9sUWczdWFVOVZ2bQpRTTdpamQxaFArYktiN1JjbzI2eVZBczQzVzJ0d1dlZm1aeXNUdnJyWEp1Qm1aeG8vMjJLQXBsZmZ2VzdBZ01CCkFBR2pPREEyTUF3R0ExVWRFd0VCL3dRQ01BQXdEZ1lEVlIwUEFRSC9CQVFEQWdlQU1CWUdBMVVkSlFFQi93UU0KTUFvR0NDc0dBUVVGQndNQ01BMEdDU3FHU0liM0RRRUJCUVVBQTRJQkFRQkVRMmh6cFE1RnowWi9ZVHIvcTF6aQo3MGxHT09ZMnNWRHF2TDZCRjIxellYZ1V4Nnc4NEx3dFgvVU1pMFZ6UE1tcGU2WVpkbTNRZ2tPNElsVGFHS3NaClUxay9xS2RML1NkcXlUc2Q0VTBuMk0zL1dLdnplTXNGL2orRmhyK2l5dDVrTk1JQ2dldzFCdHNzdzhXdEZBdTcKdE9mamdEQkphdnY2ZlFVR09naE9rd2F2S2Y3blVIaEtqOU5wUHVUd3ptMjJwTXd2RUhLT3ZhK3A4Mm1wWHoxcwpEbEZiUllELzlvc01YZUY4MUJXZTYxQVJpTEhSSE5tOVRNbXdPbkxJQWRpcHd4U2cyZzBpcDYyVmV6OWNvd01hClE3SlR3RlpxUHk4M2FKVTAxbG1kbElqUTAwcDJqVyswa3g0NGFBU25mOUNQQzU0NnBrVmNtd0xXVHJHSGV4RGYKLS0tLS1FTkQgQ0VSVElGSUNBVEUtLS0tLQo=",
            "public_key_data": null,
            "public_key_type": "TYPE_X509_PEM_FILE",
            "service_account_id": "projects/iti-final-project-mariam/serviceAccounts/ansible-service-account@iti-final-project-mariam.iam.gserviceaccount.com",
            "valid_after": "2023-06-12T10:44:19Z",
            "valid_before": "9999-12-31T23:59:59Z"
          },
          "sensitive_attributes": [],
          "private": "bnVsbA==",
          "dependencies": [
            "google_service_account.ansible-service-account"
          ]
        }
      ]
    },
    {
      "mode": "managed",
      "type": "local_file",
      "name": "private_key_file",
      "provider": "provider[\"registry.terraform.io/hashicorp/local\"]",
      "instances": [
        {
          "schema_version": 0,
          "attributes": {
            "content": "ewogICJ0eXBlIjogInNlcnZpY2VfYWNjb3VudCIsCiAgInByb2plY3RfaWQiOiAiaXRpLWZpbmFsLXByb2plY3QtbWFyaWFtIiwKICAicHJpdmF0ZV9rZXlfaWQiOiAiMjUxNzAzN2NhNjhiMDY3OWMxOWE3MGJiZjg3OTkwOGQwOTdjMzIyMyIsCiAgInByaXZhdGVfa2V5IjogIi0tLS0tQkVHSU4gUFJJVkFURSBLRVktLS0tLVxuTUlJRXZnSUJBREFOQmdrcWhraUc5dzBCQVFFRkFBU0NCS2d3Z2dTa0FnRUFBb0lCQVFDNlNuMDdHSk4zSWF1YVxudERhMTlINTNuQ3JWNzF3THh1bDNaL1o5UExhTVBmb0lmWFNyL1FFMHBkR0hRbkx0bkh6N083N1UxcnN3SzlMUlxuWDZOM0oyS2FuVlhpOGFHa3dSVk9reUdHdjE0eUI5U04xK0pEY2M4OUVVdG9PTXgvK09odWRwclQrK2lmdmtydVxuTjlZQnZsVVZ0blgvUnByaHhjYjI4UVIrZDAxNnMzazRrMzlKR2hldEhrakFYd0luOHppQTZKbktTMkpSbHhVYVxuMnBBTVZqR2hUSUc1bnRxcEJXWGxCVitmYTJ6OVd6WDNiV0JmVEVaazdOK0xEWTQyc3N4c2RkSnNQNWthK1UrcFxuT2xRZzN1YVU5VnZtUU03aWpkMWhQK2JLYjdSY28yNnlWQXM0M1cydHdXZWZtWnlzVHZyclhKdUJtWnhvLzIyS1xuQXBsZmZ2VzdBZ01CQUFFQ2dnRUFIbHUxUE1Rc2crV0F5WjFFclRKQ3ljc3hUOXZKN0VGbUdvZGVxOW9SQlptelxuL1Y0MGZUS2wxNmFPRnJURmRlTmltcTZKMHJXTG03WUlqUVpBNVZJTng1U01Rb2VPQ0FOUExaYmNoOUQzMEw5bFxuN0JlYVQ5TmtLbGQvS21UWExxT3BmUmJtOUZUQS9BZE92ck5xdEs0SHY1b1VjSjFZOENJQzRvczBhRWVZNEwzSFxuYUFyWjZnK0Y2WWQ2RmJsb3hGelI5ZWtEdnQvcDBKTlN1eWc0NXJOTERjVlUrN1VOQkRHTUZsMjUrbkJFSFZPS1xubi9QNVR1ZGYrUSt6N0ZaUVZQTnpiUlpuejZsakRHU1hkZWdwOG01TVR6eHV6bnRVVjRJN1VUME5PMEo0OU4zaVxuWnZTR242aW9ycXJ3ZXRaSEdWSWdHbW5nMDArNmtxV1Z2aUNlVjBWTkFRS0JnUURsYTZFY2FOM3hPVys1SmRBbFxuNDdweFc1WnhIaE5KaS9BaGZzWWlZdDNPTm1JQUhEQXgwUUZSQzRzUWFmUzJqYkFhcGU1SkhFdXluMi9VOUFFclxuVC9mWS8xMEpZTEdHSnJKQzZnOG1Dc3J2ZThFVVV1bkF4ZXkzeTc4QUpuV0ZiSGtsTEpkdU8wcDR3OHpEWjNpMFxuYjFsaGlEYlNTcWpkNU52YjVscncwZCtBOFFLQmdRRFAzNjlxUEtFRVN4ZGVBVUlBTGRmNnFmS2ZZQUNwV1A0ZlxuanlrN28yelhOeUdxMFlyVXVpTEJvS3had0crbTlobkE2bHp0WTVYTExnRnRvaDNxbHQ0SXN0cUpubW9tWUE0eVxuUlpvRlh2RG5QZEFKTHYrTGRIMXBZa3R2dmQ4OFlKQ0RVV2x5Z3QxWi9OcGtDR2oyY0NGSlVIL1Y4Q3JsOWp1SFxubENsZmZzVWhhd0tCZ1FEQUpqY1lQbFMxTnkvMTJFL1BqRDZadHVYMzlBS2ZkTTg0bnArQUtXSXcxcWVhQkFIeFxubDJZTTVTZ2lKVHhLc2IwdmRJNXhPWHZGTFhoUzJkTW8zWjl1WmVNY2VabjJDKzc5MEYvRHN3SnBOak51dkVyL1xucEVZeFlqcWsrNUV1b0wyT2Z4eU52S2NSSXAwYmhFdzZnNUJPK2ZGQWpEdUhMYWxmTWo0MHVQTURZUUtCZ0RwSVxuWmo5c0psMDB6S1Z2eHRpVUFmVm5CdjdHaFFqMlNiSUJpcmNNK0N4VGFkNGlDRUhpdW5IOW9iVThibEdxdU1mTlxuTGlibEFBL0tvMTNnMFhCL3dsdEFBbVFKaFl1aTdQZ05hY1ROdk0rcEZoWXRGanM4ZXhrOEZSaU1iUFhad1VzQVxuWFlkY3g4RStVdUV2Tm5hNk02c0JwZ1lPNDRnOGhLNWJ6VW5ZR2w5bkFvR0JBSzFpSlcwdlNzZUphZWovTnJtWVxuL2NQc2cyOFFCOG1PdStBMFpCYjhZK2J2bWFkTThORlF4QzVxTjJRbEdyUzA4TngvM3QyNTM0WkJmWVh3VUYzSFxuU3BGWHNNZ2tpK0NEWDgzSnVacGFZeC9URFhuL3h0TEhwVnJJc1NLWlA5K0hZMlN6VkV4OGZGcUY0ZWFySEdxa1xuRHJGSDNNaXFuYlpTVjUweGJrbkM5QTFIXG4tLS0tLUVORCBQUklWQVRFIEtFWS0tLS0tXG4iLAogICJjbGllbnRfZW1haWwiOiAiYW5zaWJsZS1zZXJ2aWNlLWFjY291bnRAaXRpLWZpbmFsLXByb2plY3QtbWFyaWFtLmlhbS5nc2VydmljZWFjY291bnQuY29tIiwKICAiY2xpZW50X2lkIjogIjExNDc2NTkwNTk4MTYzNTAwMjMxMCIsCiAgImF1dGhfdXJpIjogImh0dHBzOi8vYWNjb3VudHMuZ29vZ2xlLmNvbS9vL29hdXRoMi9hdXRoIiwKICAidG9rZW5fdXJpIjogImh0dHBzOi8vb2F1dGgyLmdvb2dsZWFwaXMuY29tL3Rva2VuIiwKICAiYXV0aF9wcm92aWRlcl94NTA5X2NlcnRfdXJsIjogImh0dHBzOi8vd3d3Lmdvb2dsZWFwaXMuY29tL29hdXRoMi92MS9jZXJ0cyIsCiAgImNsaWVudF94NTA5X2NlcnRfdXJsIjogImh0dHBzOi8vd3d3Lmdvb2dsZWFwaXMuY29tL3JvYm90L3YxL21ldGFkYXRhL3g1MDkvYW5zaWJsZS1zZXJ2aWNlLWFjY291bnQlNDBpdGktZmluYWwtcHJvamVjdC1tYXJpYW0uaWFtLmdzZXJ2aWNlYWNjb3VudC5jb20iLAogICJ1bml2ZXJzZV9kb21haW4iOiAiZ29vZ2xlYXBpcy5jb20iCn0K",
            "content_base64": null,
            "content_base64sha256": "JartBKjEDQSi1arRFPl2uSVev/WL2HErKFDWbqikrac=",
            "content_base64sha512": "k3fN5b3bcu6ulqKCrkazyXMgfu/ycKuoBUwlRtP2lXThl5TbQwD0TUu6Y0c6Xd7e7WOWfi8KMgLk7kJ9Zv2GHA==",
            "content_md5": "65aa4f675a7e06b7d94f6745b11608a1",
            "content_sha1": "76c79dade93ba8ace3cf0faa9e42664fd2bc9b44",
            "content_sha256": "25aaed04a8c40d04a2d5aad114f976b9255ebff58bd8712b2850d66ea8a4ada7",
            "content_sha512": "9377cde5bddb72eeae96a282ae46b3c973207eeff270aba8054c2546d3f69574e19794db4300f44d4bba63473a5ddedeed63967e2f0a3202e4ee427d66fd861c",
            "directory_permission": "0777",
            "file_permission": "0777",
            "filename": "/home/mariam/Desktop/iti_project/infra_repo/terraform/ansible_key.json",
            "id": "76c79dade93ba8ace3cf0faa9e42664fd2bc9b44",
            "sensitive_content": null,
            "source": null
          },
          "sensitive_attributes": [
            [
              {
                "type": "get_attr",
                "value": "content"
              }
            ]
          ],
          "dependencies": [
            "google_service_account.ansible-service-account",
            "google_service_account_key.ansible-key"
          ]
        }
      ]
    }
  ],
  "check_results": null
}
